
Microsoft Visual Studio Solution File, Format Version 12.00
# Visual Studio Version 17
VisualStudioVersion = 17.0.32014.148
MinimumVisualStudioVersion = 10.0.40219.1
Project("{FAE04EC0-301F-11D3-BF4B-00C04F79EFBC}") = "Project", "First interface\Project.csproj", "{44CF44D5-35F2-47E3-9265-5610944D5317}"
EndProject
Global
	GlobalSection(SolutionConfigurationPlatforms) = preSolution
		Debug|Any CPU = Debug|Any CPU
		Release|Any CPU = Release|Any CPU
	EndGlobalSection
	GlobalSection(ProjectConfigurationPlatforms) = postSolution
		{44CF44D5-35F2-47E3-9265-5610944D5317}.Debug|Any CPU.ActiveCfg = Debug|Any CPU
		{44CF44D5-35F2-47E3-9265-5610944D5317}.Debug|Any CPU.Build.0 = Debug|Any CPU
		{44CF44D5-35F2-47E3-9265-5610944D5317}.Release|Any CPU.ActiveCfg = Release|Any CPU
		{44CF44D5-35F2-47E3-9265-5610944D5317}.Release|Any CPU.Build.0 = Release|Any CPU
	EndGlobalSection
	GlobalSection(SolutionProperties) = preSolution
		HideSolutionNode = FALSE
	EndGlobalSection
	GlobalSection(ExtensibilityGlobals) = postSolution
		SolutionGuid = {8CB7964A-B717-4244-8F59-A078EFC2834A}
	EndGlobalSection
EndGlobal
